
Microsoft Visual Studio Solution File, Format Version 12.00
# Visual Studio 15
VisualStudioVersion = 15.0.28307.329
MinimumVisualStudioVersion = 10.0.40219.1
Project("{FAE04EC0-301F-11D3-BF4B-00C04F79EFBC}") = "xkcd", "xkcd\xkcd.csproj", "{91540C90-F35C-42CC-91EB-4175B965858C}"
EndProject
Global
	GlobalSection(SolutionConfigurationPlatforms) = preSolution
		Debug|Any CPU = Debug|Any CPU
		Release|Any CPU = Release|Any CPU
	EndGlobalSection
	GlobalSection(ProjectConfigurationPlatforms) = postSolution
		{91540C90-F35C-42CC-91EB-4175B965858C}.Debug|Any CPU.ActiveCfg = Debug|Any CPU
		{91540C90-F35C-42CC-91EB-4175B965858C}.Debug|Any CPU.Build.0 = Debug|Any CPU
		{91540C90-F35C-42CC-91EB-4175B965858C}.Release|Any CPU.ActiveCfg = Release|Any CPU
		{91540C90-F35C-42CC-91EB-4175B965858C}.Release|Any CPU.Build.0 = Release|Any CPU
	EndGlobalSection
	GlobalSection(SolutionProperties) = preSolution
		HideSolutionNode = FALSE
	EndGlobalSection
	GlobalSection(ExtensibilityGlobals) = postSolution
		SolutionGuid = {C95388C7-B17C-40E6-891E-59934744BC89}
	EndGlobalSection
EndGlobal
